
Microsoft Visual Studio Solution File, Format Version 12.00
# Visual Studio Version 16
VisualStudioVersion = 16.0.29503.13
MinimumVisualStudioVersion = 10.0.40219.1
Project("{9A19103F-16F7-4668-BE54-9A1E7A4F7556}") = "StudyProject", "StudyProject\StudyProject.csproj", "{C7C91795-663E-4B83-9DEE-C216DF3B9779}"
EndProject
Project("{9A19103F-16F7-4668-BE54-9A1E7A4F7556}") = "Excel.Util", "Excel.Util\Excel.Util.csproj", "{4F39B21E-1943-474C-8347-C7EB9A468EB9}"
EndProject
Project("{9A19103F-16F7-4668-BE54-9A1E7A4F7556}") = "SQLCreate", "..\SQLCreate\SQLCreate\SQLCreate.csproj", "{5E40E660-2DCE-484C-BD0F-101C08C162D6}"
EndProject
Project("{FAE04EC0-301F-11D3-BF4B-00C04F79EFBC}") = "SocketTestApp", "SocketTestApp\SocketTestApp.csproj", "{9B430BEE-EDEE-4811-8C66-B4A5DC63F802}"
EndProject
Project("{FAE04EC0-301F-11D3-BF4B-00C04F79EFBC}") = "OldFramework", "OldFramework\OldFramework.csproj", "{AC755C7D-39DC-444A-B6FE-F59B43CA1E11}"
EndProject
Project("{2150E333-8FDC-42A3-9474-1A3956D46DE8}") = ".Net Framework", ".Net Framework", "{B847A3FB-6B96-4216-8853-80CD5BBC6F85}"
EndProject
Project("{2150E333-8FDC-42A3-9474-1A3956D46DE8}") = ".Net Core", ".Net Core", "{DD8A1249-A979-4AA8-AD62-AB56B8545C4A}"
EndProject
Project("{FAE04EC0-301F-11D3-BF4B-00C04F79EFBC}") = "OldFrameworkTests", "OldFrameworkTests\OldFrameworkTests.csproj", "{324E7181-605A-486E-9C7C-5049B5721D70}"
EndProject
Project("{9A19103F-16F7-4668-BE54-9A1E7A4F7556}") = "StudyProjectTests", "StudyProjectTests\StudyProjectTests.csproj", "{5E1EECE0-8D26-47F5-A20F-DC19C1385F57}"
EndProject
Project("{9A19103F-16F7-4668-BE54-9A1E7A4F7556}") = "gRPCDemo", "gRPCDemo\gRPCDemo.csproj", "{C656E7BD-62E0-4B21-A91C-3DC93E4AA7C9}"
EndProject
Project("{9A19103F-16F7-4668-BE54-9A1E7A4F7556}") = "gRPCClientDemo", "gRPCClientDemo\gRPCClientDemo.csproj", "{687CAB50-D648-4EF2-8E50-45541FDF59F3}"
EndProject
Project("{2150E333-8FDC-42A3-9474-1A3956D46DE8}") = "Xamarin", "Xamarin", "{E5D172EC-ABAF-41CF-B7FC-CFA79F243DC8}"
EndProject
Project("{2150E333-8FDC-42A3-9474-1A3956D46DE8}") = "PhoneCallDemo", "PhoneCallDemo", "{8DDBA6D9-BCF3-4E74-9E6E-FC7B18B3BC6A}"
EndProject
Project("{9A19103F-16F7-4668-BE54-9A1E7A4F7556}") = "AppDemo", "AppDemo\AppDemo\AppDemo.csproj", "{5950A32E-981E-45F6-9A93-9A6B733A2316}"
EndProject
Project("{FAE04EC0-301F-11D3-BF4B-00C04F79EFBC}") = "AppDemo.Android", "AppDemo\AppDemo.Android\AppDemo.Android.csproj", "{461279C1-AE10-4FAE-B92D-E9496BB2DDCE}"
EndProject
Project("{FAE04EC0-301F-11D3-BF4B-00C04F79EFBC}") = "AppDemo.iOS", "AppDemo\AppDemo.iOS\AppDemo.iOS.csproj", "{C95ACDA6-ABEC-4FEB-8DCA-D81DD6998623}"
EndProject
Project("{2150E333-8FDC-42A3-9474-1A3956D46DE8}") = "TipCalculator", "TipCalculator", "{335AA224-0A67-4094-B569-A54187287F28}"
EndProject
Global
	GlobalSection(SolutionConfigurationPlatforms) = preSolution
		Debug|Any CPU = Debug|Any CPU
		Debug|iPhone = Debug|iPhone
		Debug|iPhoneSimulator = Debug|iPhoneSimulator
		Release|Any CPU = Release|Any CPU
		Release|iPhone = Release|iPhone
		Release|iPhoneSimulator = Release|iPhoneSimulator
	EndGlobalSection
	GlobalSection(ProjectConfigurationPlatforms) = postSolution
		{C7C91795-663E-4B83-9DEE-C216DF3B9779}.Debug|Any CPU.ActiveCfg = Debug|Any CPU
		{C7C91795-663E-4B83-9DEE-C216DF3B9779}.Debug|Any CPU.Build.0 = Debug|Any CPU
		{C7C91795-663E-4B83-9DEE-C216DF3B9779}.Debug|iPhone.ActiveCfg = Debug|Any CPU
		{C7C91795-663E-4B83-9DEE-C216DF3B9779}.Debug|iPhone.Build.0 = Debug|Any CPU
		{C7C91795-663E-4B83-9DEE-C216DF3B9779}.Debug|iPhoneSimulator.ActiveCfg = Debug|Any CPU
		{C7C91795-663E-4B83-9DEE-C216DF3B9779}.Debug|iPhoneSimulator.Build.0 = Debug|Any CPU
		{C7C91795-663E-4B83-9DEE-C216DF3B9779}.Release|Any CPU.ActiveCfg = Release|Any CPU
		{C7C91795-663E-4B83-9DEE-C216DF3B9779}.Release|Any CPU.Build.0 = Release|Any CPU
		{C7C91795-663E-4B83-9DEE-C216DF3B9779}.Release|iPhone.ActiveCfg = Release|Any CPU
		{C7C91795-663E-4B83-9DEE-C216DF3B9779}.Release|iPhone.Build.0 = Release|Any CPU
		{C7C91795-663E-4B83-9DEE-C216DF3B9779}.Release|iPhoneSimulator.ActiveCfg = Release|Any CPU
		{C7C91795-663E-4B83-9DEE-C216DF3B9779}.Release|iPhoneSimulator.Build.0 = Release|Any CPU
		{4F39B21E-1943-474C-8347-C7EB9A468EB9}.Debug|Any CPU.ActiveCfg = Debug|Any CPU
		{4F39B21E-1943-474C-8347-C7EB9A468EB9}.Debug|Any CPU.Build.0 = Debug|Any CPU
		{4F39B21E-1943-474C-8347-C7EB9A468EB9}.Debug|iPhone.ActiveCfg = Debug|Any CPU
		{4F39B21E-1943-474C-8347-C7EB9A468EB9}.Debug|iPhone.Build.0 = Debug|Any CPU
		{4F39B21E-1943-474C-8347-C7EB9A468EB9}.Debug|iPhoneSimulator.ActiveCfg = Debug|Any CPU
		{4F39B21E-1943-474C-8347-C7EB9A468EB9}.Debug|iPhoneSimulator.Build.0 = Debug|Any CPU
		{4F39B21E-1943-474C-8347-C7EB9A468EB9}.Release|Any CPU.ActiveCfg = Release|Any CPU
		{4F39B21E-1943-474C-8347-C7EB9A468EB9}.Release|Any CPU.Build.0 = Release|Any CPU
		{4F39B21E-1943-474C-8347-C7EB9A468EB9}.Release|iPhone.ActiveCfg = Release|Any CPU
		{4F39B21E-1943-474C-8347-C7EB9A468EB9}.Release|iPhone.Build.0 = Release|Any CPU
		{4F39B21E-1943-474C-8347-C7EB9A468EB9}.Release|iPhoneSimulator.ActiveCfg = Release|Any CPU
		{4F39B21E-1943-474C-8347-C7EB9A468EB9}.Release|iPhoneSimulator.Build.0 = Release|Any CPU
		{5E40E660-2DCE-484C-BD0F-101C08C162D6}.Debug|Any CPU.ActiveCfg = Debug|Any CPU
		{5E40E660-2DCE-484C-BD0F-101C08C162D6}.Debug|Any CPU.Build.0 = Debug|Any CPU
		{5E40E660-2DCE-484C-BD0F-101C08C162D6}.Debug|iPhone.ActiveCfg = Debug|Any CPU
		{5E40E660-2DCE-484C-BD0F-101C08C162D6}.Debug|iPhone.Build.0 = Debug|Any CPU
		{5E40E660-2DCE-484C-BD0F-101C08C162D6}.Debug|iPhoneSimulator.ActiveCfg = Debug|Any CPU
		{5E40E660-2DCE-484C-BD0F-101C08C162D6}.Debug|iPhoneSimulator.Build.0 = Debug|Any CPU
		{5E40E660-2DCE-484C-BD0F-101C08C162D6}.Release|Any CPU.ActiveCfg = Release|Any CPU
		{5E40E660-2DCE-484C-BD0F-101C08C162D6}.Release|Any CPU.Build.0 = Release|Any CPU
		{5E40E660-2DCE-484C-BD0F-101C08C162D6}.Release|iPhone.ActiveCfg = Release|Any CPU
		{5E40E660-2DCE-484C-BD0F-101C08C162D6}.Release|iPhone.Build.0 = Release|Any CPU
		{5E40E660-2DCE-484C-BD0F-101C08C162D6}.Release|iPhoneSimulator.ActiveCfg = Release|Any CPU
		{5E40E660-2DCE-484C-BD0F-101C08C162D6}.Release|iPhoneSimulator.Build.0 = Release|Any CPU
		{9B430BEE-EDEE-4811-8C66-B4A5DC63F802}.Debug|Any CPU.ActiveCfg = Debug|Any CPU
		{9B430BEE-EDEE-4811-8C66-B4A5DC63F802}.Debug|Any CPU.Build.0 = Debug|Any CPU
		{9B430BEE-EDEE-4811-8C66-B4A5DC63F802}.Debug|iPhone.ActiveCfg = Debug|Any CPU
		{9B430BEE-EDEE-4811-8C66-B4A5DC63F802}.Debug|iPhone.Build.0 = Debug|Any CPU
		{9B430BEE-EDEE-4811-8C66-B4A5DC63F802}.Debug|iPhoneSimulator.ActiveCfg = Debug|Any CPU
		{9B430BEE-EDEE-4811-8C66-B4A5DC63F802}.Debug|iPhoneSimulator.Build.0 = Debug|Any CPU
		{9B430BEE-EDEE-4811-8C66-B4A5DC63F802}.Release|Any CPU.ActiveCfg = Release|Any CPU
		{9B430BEE-EDEE-4811-8C66-B4A5DC63F802}.Release|Any CPU.Build.0 = Release|Any CPU
		{9B430BEE-EDEE-4811-8C66-B4A5DC63F802}.Release|iPhone.ActiveCfg = Release|Any CPU
		{9B430BEE-EDEE-4811-8C66-B4A5DC63F802}.Release|iPhone.Build.0 = Release|Any CPU
		{9B430BEE-EDEE-4811-8C66-B4A5DC63F802}.Release|iPhoneSimulator.ActiveCfg = Release|Any CPU
		{9B430BEE-EDEE-4811-8C66-B4A5DC63F802}.Release|iPhoneSimulator.Build.0 = Release|Any CPU
		{AC755C7D-39DC-444A-B6FE-F59B43CA1E11}.Debug|Any CPU.ActiveCfg = Debug|Any CPU
		{AC755C7D-39DC-444A-B6FE-F59B43CA1E11}.Debug|Any CPU.Build.0 = Debug|Any CPU
		{AC755C7D-39DC-444A-B6FE-F59B43CA1E11}.Debug|iPhone.ActiveCfg = Debug|Any CPU
		{AC755C7D-39DC-444A-B6FE-F59B43CA1E11}.Debug|iPhone.Build.0 = Debug|Any CPU
		{AC755C7D-39DC-444A-B6FE-F59B43CA1E11}.Debug|iPhoneSimulator.ActiveCfg = Debug|Any CPU
		{AC755C7D-39DC-444A-B6FE-F59B43CA1E11}.Debug|iPhoneSimulator.Build.0 = Debug|Any CPU
		{AC755C7D-39DC-444A-B6FE-F59B43CA1E11}.Release|Any CPU.ActiveCfg = Release|Any CPU
		{AC755C7D-39DC-444A-B6FE-F59B43CA1E11}.Release|Any CPU.Build.0 = Release|Any CPU
		{AC755C7D-39DC-444A-B6FE-F59B43CA1E11}.Release|iPhone.ActiveCfg = Release|Any CPU
		{AC755C7D-39DC-444A-B6FE-F59B43CA1E11}.Release|iPhone.Build.0 = Release|Any CPU
		{AC755C7D-39DC-444A-B6FE-F59B43CA1E11}.Release|iPhoneSimulator.ActiveCfg = Release|Any CPU
		{AC755C7D-39DC-444A-B6FE-F59B43CA1E11}.Release|iPhoneSimulator.Build.0 = Release|Any CPU
		{324E7181-605A-486E-9C7C-5049B5721D70}.Debug|Any CPU.ActiveCfg = Debug|Any CPU
		{324E7181-605A-486E-9C7C-5049B5721D70}.Debug|Any CPU.Build.0 = Debug|Any CPU
		{324E7181-605A-486E-9C7C-5049B5721D70}.Debug|iPhone.ActiveCfg = Debug|Any CPU
		{324E7181-605A-486E-9C7C-5049B5721D70}.Debug|iPhone.Build.0 = Debug|Any CPU
		{324E7181-605A-486E-9C7C-5049B5721D70}.Debug|iPhoneSimulator.ActiveCfg = Debug|Any CPU
		{324E7181-605A-486E-9C7C-5049B5721D70}.Debug|iPhoneSimulator.Build.0 = Debug|Any CPU
		{324E7181-605A-486E-9C7C-5049B5721D70}.Release|Any CPU.ActiveCfg = Release|Any CPU
		{324E7181-605A-486E-9C7C-5049B5721D70}.Release|Any CPU.Build.0 = Release|Any CPU
		{324E7181-605A-486E-9C7C-5049B5721D70}.Release|iPhone.ActiveCfg = Release|Any CPU
		{324E7181-605A-486E-9C7C-5049B5721D70}.Release|iPhone.Build.0 = Release|Any CPU
		{324E7181-605A-486E-9C7C-5049B5721D70}.Release|iPhoneSimulator.ActiveCfg = Release|Any CPU
		{324E7181-605A-486E-9C7C-5049B5721D70}.Release|iPhoneSimulator.Build.0 = Release|Any CPU
		{5E1EECE0-8D26-47F5-A20F-DC19C1385F57}.Debug|Any CPU.ActiveCfg = Debug|Any CPU
		{5E1EECE0-8D26-47F5-A20F-DC19C1385F57}.Debug|Any CPU.Build.0 = Debug|Any CPU
		{5E1EECE0-8D26-47F5-A20F-DC19C1385F57}.Debug|iPhone.ActiveCfg = Debug|Any CPU
		{5E1EECE0-8D26-47F5-A20F-DC19C1385F57}.Debug|iPhone.Build.0 = Debug|Any CPU
		{5E1EECE0-8D26-47F5-A20F-DC19C1385F57}.Debug|iPhoneSimulator.ActiveCfg = Debug|Any CPU
		{5E1EECE0-8D26-47F5-A20F-DC19C1385F57}.Debug|iPhoneSimulator.Build.0 = Debug|Any CPU
		{5E1EECE0-8D26-47F5-A20F-DC19C1385F57}.Release|Any CPU.ActiveCfg = Release|Any CPU
		{5E1EECE0-8D26-47F5-A20F-DC19C1385F57}.Release|Any CPU.Build.0 = Release|Any CPU
		{5E1EECE0-8D26-47F5-A20F-DC19C1385F57}.Release|iPhone.ActiveCfg = Release|Any CPU
		{5E1EECE0-8D26-47F5-A20F-DC19C1385F57}.Release|iPhone.Build.0 = Release|Any CPU
		{5E1EECE0-8D26-47F5-A20F-DC19C1385F57}.Release|iPhoneSimulator.ActiveCfg = Release|Any CPU
		{5E1EECE0-8D26-47F5-A20F-DC19C1385F57}.Release|iPhoneSimulator.Build.0 = Release|Any CPU
		{C656E7BD-62E0-4B21-A91C-3DC93E4AA7C9}.Debug|Any CPU.ActiveCfg = Debug|Any CPU
		{C656E7BD-62E0-4B21-A91C-3DC93E4AA7C9}.Debug|Any CPU.Build.0 = Debug|Any CPU
		{C656E7BD-62E0-4B21-A91C-3DC93E4AA7C9}.Debug|iPhone.ActiveCfg = Debug|Any CPU
		{C656E7BD-62E0-4B21-A91C-3DC93E4AA7C9}.Debug|iPhone.Build.0 = Debug|Any CPU
		{C656E7BD-62E0-4B21-A91C-3DC93E4AA7C9}.Debug|iPhoneSimulator.ActiveCfg = Debug|Any CPU
		{C656E7BD-62E0-4B21-A91C-3DC93E4AA7C9}.Debug|iPhoneSimulator.Build.0 = Debug|Any CPU
		{C656E7BD-62E0-4B21-A91C-3DC93E4AA7C9}.Release|Any CPU.ActiveCfg = Release|Any CPU
		{C656E7BD-62E0-4B21-A91C-3DC93E4AA7C9}.Release|Any CPU.Build.0 = Release|Any CPU
		{C656E7BD-62E0-4B21-A91C-3DC93E4AA7C9}.Release|iPhone.ActiveCfg = Release|Any CPU
		{C656E7BD-62E0-4B21-A91C-3DC93E4AA7C9}.Release|iPhone.Build.0 = Release|Any CPU
		{C656E7BD-62E0-4B21-A91C-3DC93E4AA7C9}.Release|iPhoneSimulator.ActiveCfg = Release|Any CPU
		{C656E7BD-62E0-4B21-A91C-3DC93E4AA7C9}.Release|iPhoneSimulator.Build.0 = Release|Any CPU
		{687CAB50-D648-4EF2-8E50-45541FDF59F3}.Debug|Any CPU.ActiveCfg = Debug|Any CPU
		{687CAB50-D648-4EF2-8E50-45541FDF59F3}.Debug|Any CPU.Build.0 = Debug|Any CPU
		{687CAB50-D648-4EF2-8E50-45541FDF59F3}.Debug|iPhone.ActiveCfg = Debug|Any CPU
		{687CAB50-D648-4EF2-8E50-45541FDF59F3}.Debug|iPhone.Build.0 = Debug|Any CPU
		{687CAB50-D648-4EF2-8E50-45541FDF59F3}.Debug|iPhoneSimulator.ActiveCfg = Debug|Any CPU
		{687CAB50-D648-4EF2-8E50-45541FDF59F3}.Debug|iPhoneSimulator.Build.0 = Debug|Any CPU
		{687CAB50-D648-4EF2-8E50-45541FDF59F3}.Release|Any CPU.ActiveCfg = Release|Any CPU
		{687CAB50-D648-4EF2-8E50-45541FDF59F3}.Release|Any CPU.Build.0 = Release|Any CPU
		{687CAB50-D648-4EF2-8E50-45541FDF59F3}.Release|iPhone.ActiveCfg = Release|Any CPU
		{687CAB50-D648-4EF2-8E50-45541FDF59F3}.Release|iPhone.Build.0 = Release|Any CPU
		{687CAB50-D648-4EF2-8E50-45541FDF59F3}.Release|iPhoneSimulator.ActiveCfg = Release|Any CPU
		{687CAB50-D648-4EF2-8E50-45541FDF59F3}.Release|iPhoneSimulator.Build.0 = Release|Any CPU
		{5950A32E-981E-45F6-9A93-9A6B733A2316}.Debug|Any CPU.ActiveCfg = Debug|Any CPU
		{5950A32E-981E-45F6-9A93-9A6B733A2316}.Debug|Any CPU.Build.0 = Debug|Any CPU
		{5950A32E-981E-45F6-9A93-9A6B733A2316}.Debug|iPhone.ActiveCfg = Debug|Any CPU
		{5950A32E-981E-45F6-9A93-9A6B733A2316}.Debug|iPhone.Build.0 = Debug|Any CPU
		{5950A32E-981E-45F6-9A93-9A6B733A2316}.Debug|iPhoneSimulator.ActiveCfg = Debug|Any CPU
		{5950A32E-981E-45F6-9A93-9A6B733A2316}.Debug|iPhoneSimulator.Build.0 = Debug|Any CPU
		{5950A32E-981E-45F6-9A93-9A6B733A2316}.Release|Any CPU.ActiveCfg = Release|Any CPU
		{5950A32E-981E-45F6-9A93-9A6B733A2316}.Release|Any CPU.Build.0 = Release|Any CPU
		{5950A32E-981E-45F6-9A93-9A6B733A2316}.Release|iPhone.ActiveCfg = Release|Any CPU
		{5950A32E-981E-45F6-9A93-9A6B733A2316}.Release|iPhone.Build.0 = Release|Any CPU
		{5950A32E-981E-45F6-9A93-9A6B733A2316}.Release|iPhoneSimulator.ActiveCfg = Release|Any CPU
		{5950A32E-981E-45F6-9A93-9A6B733A2316}.Release|iPhoneSimulator.Build.0 = Release|Any CPU
		{461279C1-AE10-4FAE-B92D-E9496BB2DDCE}.Debug|Any CPU.ActiveCfg = Debug|Any CPU
		{461279C1-AE10-4FAE-B92D-E9496BB2DDCE}.Debug|Any CPU.Build.0 = Debug|Any CPU
		{461279C1-AE10-4FAE-B92D-E9496BB2DDCE}.Debug|Any CPU.Deploy.0 = Debug|Any CPU
		{461279C1-AE10-4FAE-B92D-E9496BB2DDCE}.Debug|iPhone.ActiveCfg = Debug|Any CPU
		{461279C1-AE10-4FAE-B92D-E9496BB2DDCE}.Debug|iPhone.Build.0 = Debug|Any CPU
		{461279C1-AE10-4FAE-B92D-E9496BB2DDCE}.Debug|iPhone.Deploy.0 = Debug|Any CPU
		{461279C1-AE10-4FAE-B92D-E9496BB2DDCE}.Debug|iPhoneSimulator.ActiveCfg = Debug|Any CPU
		{461279C1-AE10-4FAE-B92D-E9496BB2DDCE}.Debug|iPhoneSimulator.Build.0 = Debug|Any CPU
		{461279C1-AE10-4FAE-B92D-E9496BB2DDCE}.Debug|iPhoneSimulator.Deploy.0 = Debug|Any CPU
		{461279C1-AE10-4FAE-B92D-E9496BB2DDCE}.Release|Any CPU.ActiveCfg = Release|Any CPU
		{461279C1-AE10-4FAE-B92D-E9496BB2DDCE}.Release|Any CPU.Build.0 = Release|Any CPU
		{461279C1-AE10-4FAE-B92D-E9496BB2DDCE}.Release|Any CPU.Deploy.0 = Release|Any CPU
		{461279C1-AE10-4FAE-B92D-E9496BB2DDCE}.Release|iPhone.ActiveCfg = Release|Any CPU
		{461279C1-AE10-4FAE-B92D-E9496BB2DDCE}.Release|iPhone.Build.0 = Release|Any CPU
		{461279C1-AE10-4FAE-B92D-E9496BB2DDCE}.Release|iPhone.Deploy.0 = Release|Any CPU
		{461279C1-AE10-4FAE-B92D-E9496BB2DDCE}.Release|iPhoneSimulator.ActiveCfg = Release|Any CPU
		{461279C1-AE10-4FAE-B92D-E9496BB2DDCE}.Release|iPhoneSimulator.Build.0 = Release|Any CPU
		{461279C1-AE10-4FAE-B92D-E9496BB2DDCE}.Release|iPhoneSimulator.Deploy.0 = Release|Any CPU
		{C95ACDA6-ABEC-4FEB-8DCA-D81DD6998623}.Debug|Any CPU.ActiveCfg = Debug|iPhoneSimulator
		{C95ACDA6-ABEC-4FEB-8DCA-D81DD6998623}.Debug|iPhone.ActiveCfg = Debug|iPhone
		{C95ACDA6-ABEC-4FEB-8DCA-D81DD6998623}.Debug|iPhone.Build.0 = Debug|iPhone
		{C95ACDA6-ABEC-4FEB-8DCA-D81DD6998623}.Debug|iPhoneSimulator.ActiveCfg = Debug|iPhoneSimulator
		{C95ACDA6-ABEC-4FEB-8DCA-D81DD6998623}.Debug|iPhoneSimulator.Build.0 = Debug|iPhoneSimulator
		{C95ACDA6-ABEC-4FEB-8DCA-D81DD6998623}.Release|Any CPU.ActiveCfg = Release|iPhoneSimulator
		{C95ACDA6-ABEC-4FEB-8DCA-D81DD6998623}.Release|iPhone.ActiveCfg = Release|iPhone
		{C95ACDA6-ABEC-4FEB-8DCA-D81DD6998623}.Release|iPhone.Build.0 = Release|iPhone
		{C95ACDA6-ABEC-4FEB-8DCA-D81DD6998623}.Release|iPhoneSimulator.ActiveCfg = Release|iPhoneSimulator
		{C95ACDA6-ABEC-4FEB-8DCA-D81DD6998623}.Release|iPhoneSimulator.Build.0 = Release|iPhoneSimulator
	EndGlobalSection
	GlobalSection(SolutionProperties) = preSolution
		HideSolutionNode = FALSE
	EndGlobalSection
	GlobalSection(NestedProjects) = preSolution
		{C7C91795-663E-4B83-9DEE-C216DF3B9779} = {DD8A1249-A979-4AA8-AD62-AB56B8545C4A}
		{5E40E660-2DCE-484C-BD0F-101C08C162D6} = {DD8A1249-A979-4AA8-AD62-AB56B8545C4A}
		{9B430BEE-EDEE-4811-8C66-B4A5DC63F802} = {B847A3FB-6B96-4216-8853-80CD5BBC6F85}
		{AC755C7D-39DC-444A-B6FE-F59B43CA1E11} = {B847A3FB-6B96-4216-8853-80CD5BBC6F85}
		{324E7181-605A-486E-9C7C-5049B5721D70} = {B847A3FB-6B96-4216-8853-80CD5BBC6F85}
		{5E1EECE0-8D26-47F5-A20F-DC19C1385F57} = {DD8A1249-A979-4AA8-AD62-AB56B8545C4A}
		{C656E7BD-62E0-4B21-A91C-3DC93E4AA7C9} = {DD8A1249-A979-4AA8-AD62-AB56B8545C4A}
		{687CAB50-D648-4EF2-8E50-45541FDF59F3} = {DD8A1249-A979-4AA8-AD62-AB56B8545C4A}
		{8DDBA6D9-BCF3-4E74-9E6E-FC7B18B3BC6A} = {E5D172EC-ABAF-41CF-B7FC-CFA79F243DC8}
		{5950A32E-981E-45F6-9A93-9A6B733A2316} = {8DDBA6D9-BCF3-4E74-9E6E-FC7B18B3BC6A}
		{461279C1-AE10-4FAE-B92D-E9496BB2DDCE} = {8DDBA6D9-BCF3-4E74-9E6E-FC7B18B3BC6A}
		{C95ACDA6-ABEC-4FEB-8DCA-D81DD6998623} = {8DDBA6D9-BCF3-4E74-9E6E-FC7B18B3BC6A}
		{335AA224-0A67-4094-B569-A54187287F28} = {E5D172EC-ABAF-41CF-B7FC-CFA79F243DC8}
	EndGlobalSection
	GlobalSection(ExtensibilityGlobals) = postSolution
		SolutionGuid = {7D884518-DC6C-413C-B319-E6042E8329A8}
	EndGlobalSection
EndGlobal
