
Microsoft Visual Studio Solution File, Format Version 12.00
# Visual Studio Version 16
VisualStudioVersion = 16.0.29503.13
MinimumVisualStudioVersion = 10.0.40219.1
Project("{9A19103F-16F7-4668-BE54-9A1E7A4F7556}") = "StudyProject", "StudyProject\StudyProject.csproj", "{C7C91795-663E-4B83-9DEE-C216DF3B9779}"
EndProject
Project("{9A19103F-16F7-4668-BE54-9A1E7A4F7556}") = "Excel.Util", "Excel.Util\Excel.Util.csproj", "{4F39B21E-1943-474C-8347-C7EB9A468EB9}"
EndProject
Project("{9A19103F-16F7-4668-BE54-9A1E7A4F7556}") = "SQLCreate", "..\SQLCreate\SQLCreate\SQLCreate.csproj", "{5E40E660-2DCE-484C-BD0F-101C08C162D6}"
EndProject
Project("{FAE04EC0-301F-11D3-BF4B-00C04F79EFBC}") = "SocketTestApp", "SocketTestApp\SocketTestApp.csproj", "{9B430BEE-EDEE-4811-8C66-B4A5DC63F802}"
EndProject
Project("{FAE04EC0-301F-11D3-BF4B-00C04F79EFBC}") = "OldFramework", "OldFramework\OldFramework.csproj", "{AC755C7D-39DC-444A-B6FE-F59B43CA1E11}"
EndProject
Project("{2150E333-8FDC-42A3-9474-1A3956D46DE8}") = ".Net Framework", ".Net Framework", "{B847A3FB-6B96-4216-8853-80CD5BBC6F85}"
EndProject
Project("{2150E333-8FDC-42A3-9474-1A3956D46DE8}") = ".Net Core", ".Net Core", "{DD8A1249-A979-4AA8-AD62-AB56B8545C4A}"
EndProject
Project("{FAE04EC0-301F-11D3-BF4B-00C04F79EFBC}") = "OldFrameworkTests", "OldFrameworkTests\OldFrameworkTests.csproj", "{324E7181-605A-486E-9C7C-5049B5721D70}"
EndProject
Project("{9A19103F-16F7-4668-BE54-9A1E7A4F7556}") = "StudyProjectTests", "StudyProjectTests\StudyProjectTests.csproj", "{5E1EECE0-8D26-47F5-A20F-DC19C1385F57}"
EndProject
Project("{FAE04EC0-301F-11D3-BF4B-00C04F79EFBC}") = "gRPCDemo", "gRPCDemo\gRPCDemo.csproj", "{C656E7BD-62E0-4B21-A91C-3DC93E4AA7C9}"
EndProject
Project("{FAE04EC0-301F-11D3-BF4B-00C04F79EFBC}") = "gRPCClientDemo", "gRPCClientDemo\gRPCClientDemo.csproj", "{687CAB50-D648-4EF2-8E50-45541FDF59F3}"
EndProject
Global
	GlobalSection(SolutionConfigurationPlatforms) = preSolution
		Debug|Any CPU = Debug|Any CPU
		Release|Any CPU = Release|Any CPU
	EndGlobalSection
	GlobalSection(ProjectConfigurationPlatforms) = postSolution
		{C7C91795-663E-4B83-9DEE-C216DF3B9779}.Debug|Any CPU.ActiveCfg = Debug|Any CPU
		{C7C91795-663E-4B83-9DEE-C216DF3B9779}.Debug|Any CPU.Build.0 = Debug|Any CPU
		{C7C91795-663E-4B83-9DEE-C216DF3B9779}.Release|Any CPU.ActiveCfg = Release|Any CPU
		{C7C91795-663E-4B83-9DEE-C216DF3B9779}.Release|Any CPU.Build.0 = Release|Any CPU
		{4F39B21E-1943-474C-8347-C7EB9A468EB9}.Debug|Any CPU.ActiveCfg = Debug|Any CPU
		{4F39B21E-1943-474C-8347-C7EB9A468EB9}.Debug|Any CPU.Build.0 = Debug|Any CPU
		{4F39B21E-1943-474C-8347-C7EB9A468EB9}.Release|Any CPU.ActiveCfg = Release|Any CPU
		{4F39B21E-1943-474C-8347-C7EB9A468EB9}.Release|Any CPU.Build.0 = Release|Any CPU
		{5E40E660-2DCE-484C-BD0F-101C08C162D6}.Debug|Any CPU.ActiveCfg = Debug|Any CPU
		{5E40E660-2DCE-484C-BD0F-101C08C162D6}.Debug|Any CPU.Build.0 = Debug|Any CPU
		{5E40E660-2DCE-484C-BD0F-101C08C162D6}.Release|Any CPU.ActiveCfg = Release|Any CPU
		{5E40E660-2DCE-484C-BD0F-101C08C162D6}.Release|Any CPU.Build.0 = Release|Any CPU
		{9B430BEE-EDEE-4811-8C66-B4A5DC63F802}.Debug|Any CPU.ActiveCfg = Debug|Any CPU
		{9B430BEE-EDEE-4811-8C66-B4A5DC63F802}.Debug|Any CPU.Build.0 = Debug|Any CPU
		{9B430BEE-EDEE-4811-8C66-B4A5DC63F802}.Release|Any CPU.ActiveCfg = Release|Any CPU
		{9B430BEE-EDEE-4811-8C66-B4A5DC63F802}.Release|Any CPU.Build.0 = Release|Any CPU
		{AC755C7D-39DC-444A-B6FE-F59B43CA1E11}.Debug|Any CPU.ActiveCfg = Debug|Any CPU
		{AC755C7D-39DC-444A-B6FE-F59B43CA1E11}.Debug|Any CPU.Build.0 = Debug|Any CPU
		{AC755C7D-39DC-444A-B6FE-F59B43CA1E11}.Release|Any CPU.ActiveCfg = Release|Any CPU
		{AC755C7D-39DC-444A-B6FE-F59B43CA1E11}.Release|Any CPU.Build.0 = Release|Any CPU
		{324E7181-605A-486E-9C7C-5049B5721D70}.Debug|Any CPU.ActiveCfg = Debug|Any CPU
		{324E7181-605A-486E-9C7C-5049B5721D70}.Debug|Any CPU.Build.0 = Debug|Any CPU
		{324E7181-605A-486E-9C7C-5049B5721D70}.Release|Any CPU.ActiveCfg = Release|Any CPU
		{324E7181-605A-486E-9C7C-5049B5721D70}.Release|Any CPU.Build.0 = Release|Any CPU
		{5E1EECE0-8D26-47F5-A20F-DC19C1385F57}.Debug|Any CPU.ActiveCfg = Debug|Any CPU
		{5E1EECE0-8D26-47F5-A20F-DC19C1385F57}.Debug|Any CPU.Build.0 = Debug|Any CPU
		{5E1EECE0-8D26-47F5-A20F-DC19C1385F57}.Release|Any CPU.ActiveCfg = Release|Any CPU
		{5E1EECE0-8D26-47F5-A20F-DC19C1385F57}.Release|Any CPU.Build.0 = Release|Any CPU
		{C656E7BD-62E0-4B21-A91C-3DC93E4AA7C9}.Debug|Any CPU.ActiveCfg = Debug|Any CPU
		{C656E7BD-62E0-4B21-A91C-3DC93E4AA7C9}.Debug|Any CPU.Build.0 = Debug|Any CPU
		{C656E7BD-62E0-4B21-A91C-3DC93E4AA7C9}.Release|Any CPU.ActiveCfg = Release|Any CPU
		{C656E7BD-62E0-4B21-A91C-3DC93E4AA7C9}.Release|Any CPU.Build.0 = Release|Any CPU
		{687CAB50-D648-4EF2-8E50-45541FDF59F3}.Debug|Any CPU.ActiveCfg = Debug|Any CPU
		{687CAB50-D648-4EF2-8E50-45541FDF59F3}.Debug|Any CPU.Build.0 = Debug|Any CPU
		{687CAB50-D648-4EF2-8E50-45541FDF59F3}.Release|Any CPU.ActiveCfg = Release|Any CPU
		{687CAB50-D648-4EF2-8E50-45541FDF59F3}.Release|Any CPU.Build.0 = Release|Any CPU
	EndGlobalSection
	GlobalSection(SolutionProperties) = preSolution
		HideSolutionNode = FALSE
	EndGlobalSection
	GlobalSection(NestedProjects) = preSolution
		{C7C91795-663E-4B83-9DEE-C216DF3B9779} = {DD8A1249-A979-4AA8-AD62-AB56B8545C4A}
		{5E40E660-2DCE-484C-BD0F-101C08C162D6} = {DD8A1249-A979-4AA8-AD62-AB56B8545C4A}
		{9B430BEE-EDEE-4811-8C66-B4A5DC63F802} = {B847A3FB-6B96-4216-8853-80CD5BBC6F85}
		{AC755C7D-39DC-444A-B6FE-F59B43CA1E11} = {B847A3FB-6B96-4216-8853-80CD5BBC6F85}
		{324E7181-605A-486E-9C7C-5049B5721D70} = {B847A3FB-6B96-4216-8853-80CD5BBC6F85}
		{5E1EECE0-8D26-47F5-A20F-DC19C1385F57} = {DD8A1249-A979-4AA8-AD62-AB56B8545C4A}
		{C656E7BD-62E0-4B21-A91C-3DC93E4AA7C9} = {DD8A1249-A979-4AA8-AD62-AB56B8545C4A}
		{687CAB50-D648-4EF2-8E50-45541FDF59F3} = {DD8A1249-A979-4AA8-AD62-AB56B8545C4A}
	EndGlobalSection
	GlobalSection(ExtensibilityGlobals) = postSolution
		SolutionGuid = {7D884518-DC6C-413C-B319-E6042E8329A8}
	EndGlobalSection
EndGlobal
